
Microsoft Visual Studio Solution File, Format Version 12.00
# Visual Studio Version 17
VisualStudioVersion = 17.6.33723.286
MinimumVisualStudioVersion = 10.0.40219.1
Project("{FAE04EC0-301F-11D3-BF4B-00C04F79EFBC}") = "AzureFunctionsConfiguration", "AzureFunctionsConfiguration\AzureFunctionsConfiguration.csproj", "{E184DF5D-2661-4679-AD14-481E976A388B}"
EndProject
Global
	GlobalSection(SolutionConfigurationPlatforms) = preSolution
		Debug|Any CPU = Debug|Any CPU
		Release|Any CPU = Release|Any CPU
	EndGlobalSection
	GlobalSection(ProjectConfigurationPlatforms) = postSolution
		{E184DF5D-2661-4679-AD14-481E976A388B}.Debug|Any CPU.ActiveCfg = Debug|Any CPU
		{E184DF5D-2661-4679-AD14-481E976A388B}.Debug|Any CPU.Build.0 = Debug|Any CPU
		{E184DF5D-2661-4679-AD14-481E976A388B}.Release|Any CPU.ActiveCfg = Release|Any CPU
		{E184DF5D-2661-4679-AD14-481E976A388B}.Release|Any CPU.Build.0 = Release|Any CPU
	EndGlobalSection
	GlobalSection(SolutionProperties) = preSolution
		HideSolutionNode = FALSE
	EndGlobalSection
	GlobalSection(ExtensibilityGlobals) = postSolution
		SolutionGuid = {0B3502FA-7424-4D85-AA93-A30222EB3DC2}
	EndGlobalSection
EndGlobal
